
Microsoft Visual Studio Solution File, Format Version 12.00
# Visual Studio 2012
Project("{FAE04EC0-301F-11D3-BF4B-00C04F79EFBC}") = "Lab_00", "Lab_00\Lab_00.csproj", "{92A3C758-5A94-45DB-81E2-4AC4FC3B24AB}"
EndProject
Global
	GlobalSection(SolutionConfigurationPlatforms) = preSolution
		Debug|Any CPU = Debug|Any CPU
		Release|Any CPU = Release|Any CPU
	EndGlobalSection
	GlobalSection(ProjectConfigurationPlatforms) = postSolution
		{92A3C758-5A94-45DB-81E2-4AC4FC3B24AB}.Debug|Any CPU.ActiveCfg = Debug|Any CPU
		{92A3C758-5A94-45DB-81E2-4AC4FC3B24AB}.Debug|Any CPU.Build.0 = Debug|Any CPU
		{92A3C758-5A94-45DB-81E2-4AC4FC3B24AB}.Release|Any CPU.ActiveCfg = Release|Any CPU
		{92A3C758-5A94-45DB-81E2-4AC4FC3B24AB}.Release|Any CPU.Build.0 = Release|Any CPU
	EndGlobalSection
	GlobalSection(SolutionProperties) = preSolution
		HideSolutionNode = FALSE
	EndGlobalSection
EndGlobal
