
Microsoft Visual Studio Solution File, Format Version 12.00
# Visual Studio Version 16
VisualStudioVersion = 16.0.28922.388
MinimumVisualStudioVersion = 10.0.40219.1
Project("{FAE04EC0-301F-11D3-BF4B-00C04F79EFBC}") = "Lab_55", "Lab_55\Lab_55.csproj", "{65BC3A36-BABF-46C5-AF1C-1397C43B2E38}"
EndProject
Global
	GlobalSection(SolutionConfigurationPlatforms) = preSolution
		Debug|Any CPU = Debug|Any CPU
		Release|Any CPU = Release|Any CPU
	EndGlobalSection
	GlobalSection(ProjectConfigurationPlatforms) = postSolution
		{65BC3A36-BABF-46C5-AF1C-1397C43B2E38}.Debug|Any CPU.ActiveCfg = Debug|Any CPU
		{65BC3A36-BABF-46C5-AF1C-1397C43B2E38}.Debug|Any CPU.Build.0 = Debug|Any CPU
		{65BC3A36-BABF-46C5-AF1C-1397C43B2E38}.Release|Any CPU.ActiveCfg = Release|Any CPU
		{65BC3A36-BABF-46C5-AF1C-1397C43B2E38}.Release|Any CPU.Build.0 = Release|Any CPU
	EndGlobalSection
	GlobalSection(SolutionProperties) = preSolution
		HideSolutionNode = FALSE
	EndGlobalSection
	GlobalSection(ExtensibilityGlobals) = postSolution
		SolutionGuid = {D908DC70-8BA0-485A-9855-D3DF475380AC}
	EndGlobalSection
EndGlobal
