
Microsoft Visual Studio Solution File, Format Version 12.00
# Visual Studio Version 16
VisualStudioVersion = 16.0.28922.388
MinimumVisualStudioVersion = 10.0.40219.1
Project("{FAE04EC0-301F-11D3-BF4B-00C04F79EFBC}") = "Lab_4_2", "Lab_4_2\Lab_4_2.csproj", "{F27D4452-BE92-4565-8628-BD397C00CA90}"
EndProject
Global
	GlobalSection(SolutionConfigurationPlatforms) = preSolution
		Debug|Any CPU = Debug|Any CPU
		Release|Any CPU = Release|Any CPU
	EndGlobalSection
	GlobalSection(ProjectConfigurationPlatforms) = postSolution
		{F27D4452-BE92-4565-8628-BD397C00CA90}.Debug|Any CPU.ActiveCfg = Debug|Any CPU
		{F27D4452-BE92-4565-8628-BD397C00CA90}.Debug|Any CPU.Build.0 = Debug|Any CPU
		{F27D4452-BE92-4565-8628-BD397C00CA90}.Release|Any CPU.ActiveCfg = Release|Any CPU
		{F27D4452-BE92-4565-8628-BD397C00CA90}.Release|Any CPU.Build.0 = Release|Any CPU
	EndGlobalSection
	GlobalSection(SolutionProperties) = preSolution
		HideSolutionNode = FALSE
	EndGlobalSection
	GlobalSection(ExtensibilityGlobals) = postSolution
		SolutionGuid = {BE521009-5381-4148-8B32-0E68777851D7}
	EndGlobalSection
EndGlobal
