
Microsoft Visual Studio Solution File, Format Version 12.00
# Visual Studio Version 16
VisualStudioVersion = 16.0.28922.388
MinimumVisualStudioVersion = 10.0.40219.1
Project("{FAE04EC0-301F-11D3-BF4B-00C04F79EFBC}") = "Lab_1", "Lab_1\Lab_1.csproj", "{4BA0A3C7-087E-496B-96D1-443BB1AFA1B5}"
EndProject
Global
	GlobalSection(SolutionConfigurationPlatforms) = preSolution
		Debug|Any CPU = Debug|Any CPU
		Release|Any CPU = Release|Any CPU
	EndGlobalSection
	GlobalSection(ProjectConfigurationPlatforms) = postSolution
		{4BA0A3C7-087E-496B-96D1-443BB1AFA1B5}.Debug|Any CPU.ActiveCfg = Debug|Any CPU
		{4BA0A3C7-087E-496B-96D1-443BB1AFA1B5}.Debug|Any CPU.Build.0 = Debug|Any CPU
		{4BA0A3C7-087E-496B-96D1-443BB1AFA1B5}.Release|Any CPU.ActiveCfg = Release|Any CPU
		{4BA0A3C7-087E-496B-96D1-443BB1AFA1B5}.Release|Any CPU.Build.0 = Release|Any CPU
	EndGlobalSection
	GlobalSection(SolutionProperties) = preSolution
		HideSolutionNode = FALSE
	EndGlobalSection
	GlobalSection(ExtensibilityGlobals) = postSolution
		SolutionGuid = {9DCF3DF2-D073-4E49-8170-E5D8BCA9868D}
	EndGlobalSection
EndGlobal
